
Microsoft Visual Studio Solution File, Format Version 12.00
Project("{FAE04EC0-301F-11D3-BF4B-00C04F79EFBC}") = "Lesson 6 Quick sort", "Lesson 6 Quick sort\Lesson 6 Quick sort.csproj", "{4AACB511-97B9-4492-BB18-F8B11769D01B}"
EndProject
Global
	GlobalSection(SolutionConfigurationPlatforms) = preSolution
		Debug|Any CPU = Debug|Any CPU
		Release|Any CPU = Release|Any CPU
	EndGlobalSection
	GlobalSection(ProjectConfigurationPlatforms) = postSolution
		{4AACB511-97B9-4492-BB18-F8B11769D01B}.Debug|Any CPU.ActiveCfg = Debug|Any CPU
		{4AACB511-97B9-4492-BB18-F8B11769D01B}.Debug|Any CPU.Build.0 = Debug|Any CPU
		{4AACB511-97B9-4492-BB18-F8B11769D01B}.Release|Any CPU.ActiveCfg = Release|Any CPU
		{4AACB511-97B9-4492-BB18-F8B11769D01B}.Release|Any CPU.Build.0 = Release|Any CPU
	EndGlobalSection
EndGlobal
