
Microsoft Visual Studio Solution File, Format Version 12.00
Project("{FAE04EC0-301F-11D3-BF4B-00C04F79EFBC}") = "Lesson 5 Bubble Sort", "Lesson 5 Bubble Sort\Lesson 5 Bubble Sort.csproj", "{5472C0E8-89BF-466B-BA42-3AFE19D3F89C}"
EndProject
Global
	GlobalSection(SolutionConfigurationPlatforms) = preSolution
		Debug|Any CPU = Debug|Any CPU
		Release|Any CPU = Release|Any CPU
	EndGlobalSection
	GlobalSection(ProjectConfigurationPlatforms) = postSolution
		{5472C0E8-89BF-466B-BA42-3AFE19D3F89C}.Debug|Any CPU.ActiveCfg = Debug|Any CPU
		{5472C0E8-89BF-466B-BA42-3AFE19D3F89C}.Debug|Any CPU.Build.0 = Debug|Any CPU
		{5472C0E8-89BF-466B-BA42-3AFE19D3F89C}.Release|Any CPU.ActiveCfg = Release|Any CPU
		{5472C0E8-89BF-466B-BA42-3AFE19D3F89C}.Release|Any CPU.Build.0 = Release|Any CPU
	EndGlobalSection
EndGlobal
